
Microsoft Visual Studio Solution File, Format Version 12.00
# Visual Studio Version 17
VisualStudioVersion = 17.5.33424.131
MinimumVisualStudioVersion = 10.0.40219.1
Project("{FAE04EC0-301F-11D3-BF4B-00C04F79EFBC}") = "DetachedSqlExample", "DetachedSqlExample\DetachedSqlExample.csproj", "{5488E86B-C807-4D91-817D-7F59C7FF8615}"
EndProject
Global
	GlobalSection(SolutionConfigurationPlatforms) = preSolution
		Debug|Any CPU = Debug|Any CPU
		Release|Any CPU = Release|Any CPU
	EndGlobalSection
	GlobalSection(ProjectConfigurationPlatforms) = postSolution
		{5488E86B-C807-4D91-817D-7F59C7FF8615}.Debug|Any CPU.ActiveCfg = Debug|Any CPU
		{5488E86B-C807-4D91-817D-7F59C7FF8615}.Debug|Any CPU.Build.0 = Debug|Any CPU
		{5488E86B-C807-4D91-817D-7F59C7FF8615}.Release|Any CPU.ActiveCfg = Release|Any CPU
		{5488E86B-C807-4D91-817D-7F59C7FF8615}.Release|Any CPU.Build.0 = Release|Any CPU
	EndGlobalSection
	GlobalSection(SolutionProperties) = preSolution
		HideSolutionNode = FALSE
	EndGlobalSection
	GlobalSection(ExtensibilityGlobals) = postSolution
		SolutionGuid = {80DCDDEF-F4AB-4D77-B2C4-1E46C6FC9B5E}
	EndGlobalSection
EndGlobal
